{
  "version": 4,
  "terraform_version": "0.14.5",
  "serial": 50,
  "lineage": "a90bd9e1-52c2-9e7a-6ced-54a08d93c9cf",
  "outputs": {},
  "resources": [
    {
      "mode": "managed",
      "type": "azurerm_lb",
      "name": "user15-lb1",
      "provider": "provider[\"registry.terraform.io/hashicorp/azurerm\"]",
      "instances": [
        {
          "schema_version": 0,
          "attributes": {
            "frontend_ip_configuration": [
              {
                "id": "/subscriptions/1c2a5318-fcca-42b7-a64e-18882c6ddbe9/resourceGroups/user15-rg-project/providers/Microsoft.Network/loadBalancers/user15-lb1/frontendIPConfigurations/user15PublicIP1Address",
                "inbound_nat_rules": [],
                "load_balancer_rules": [
                  "/subscriptions/1c2a5318-fcca-42b7-a64e-18882c6ddbe9/resourceGroups/user15-rg-project/providers/Microsoft.Network/loadBalancers/user15-lb1/loadBalancingRules/http"
                ],
                "name": "user15PublicIP1Address",
                "outbound_rules": [],
                "private_ip_address": "",
                "private_ip_address_allocation": "Dynamic",
                "private_ip_address_version": "IPv4",
                "public_ip_address_id": "/subscriptions/1c2a5318-fcca-42b7-a64e-18882c6ddbe9/resourceGroups/user15-rg-project/providers/Microsoft.Network/publicIPAddresses/user15-publicip1",
                "public_ip_prefix_id": "",
                "subnet_id": "",
                "zones": []
              }
            ],
            "id": "/subscriptions/1c2a5318-fcca-42b7-a64e-18882c6ddbe9/resourceGroups/user15-rg-project/providers/Microsoft.Network/loadBalancers/user15-lb1",
            "location": "koreacentral",
            "name": "user15-lb1",
            "private_ip_address": "",
            "private_ip_addresses": [],
            "resource_group_name": "user15-rg-project",
            "sku": "Basic",
            "tags": {},
            "timeouts": null
          },
          "sensitive_attributes": [],
          "private": "eyJlMmJmYjczMC1lY2FhLTExZTYtOGY4OC0zNDM2M2JjN2M0YzAiOnsiY3JlYXRlIjoxODAwMDAwMDAwMDAwLCJkZWxldGUiOjE4MDAwMDAwMDAwMDAsInJlYWQiOjMwMDAwMDAwMDAwMCwidXBkYXRlIjoxODAwMDAwMDAwMDAwfX0=",
          "dependencies": [
            "azurerm_public_ip.user15-publicip1",
            "azurerm_resource_group.user15-rg-project"
          ]
        }
      ]
    },
    {
      "mode": "managed",
      "type": "azurerm_lb",
      "name": "user15-lb2",
      "provider": "provider[\"registry.terraform.io/hashicorp/azurerm\"]",
      "instances": [
        {
          "schema_version": 0,
          "attributes": {
            "frontend_ip_configuration": [
              {
                "id": "/subscriptions/1c2a5318-fcca-42b7-a64e-18882c6ddbe9/resourceGroups/user15-rg-project/providers/Microsoft.Network/loadBalancers/user15-lb2/frontendIPConfigurations/user15PublicIP2Address",
                "inbound_nat_rules": [],
                "load_balancer_rules": [
                  "/subscriptions/1c2a5318-fcca-42b7-a64e-18882c6ddbe9/resourceGroups/user15-rg-project/providers/Microsoft.Network/loadBalancers/user15-lb2/loadBalancingRules/http"
                ],
                "name": "user15PublicIP2Address",
                "outbound_rules": [],
                "private_ip_address": "",
                "private_ip_address_allocation": "Dynamic",
                "private_ip_address_version": "IPv4",
                "public_ip_address_id": "/subscriptions/1c2a5318-fcca-42b7-a64e-18882c6ddbe9/resourceGroups/user15-rg-project/providers/Microsoft.Network/publicIPAddresses/user15-publicip2",
                "public_ip_prefix_id": "",
                "subnet_id": "",
                "zones": []
              }
            ],
            "id": "/subscriptions/1c2a5318-fcca-42b7-a64e-18882c6ddbe9/resourceGroups/user15-rg-project/providers/Microsoft.Network/loadBalancers/user15-lb2",
            "location": "koreacentral",
            "name": "user15-lb2",
            "private_ip_address": "",
            "private_ip_addresses": [],
            "resource_group_name": "user15-rg-project",
            "sku": "Basic",
            "tags": {},
            "timeouts": null
          },
          "sensitive_attributes": [],
          "private": "eyJlMmJmYjczMC1lY2FhLTExZTYtOGY4OC0zNDM2M2JjN2M0YzAiOnsiY3JlYXRlIjoxODAwMDAwMDAwMDAwLCJkZWxldGUiOjE4MDAwMDAwMDAwMDAsInJlYWQiOjMwMDAwMDAwMDAwMCwidXBkYXRlIjoxODAwMDAwMDAwMDAwfX0=",
          "dependencies": [
            "azurerm_public_ip.user15-publicip2",
            "azurerm_resource_group.user15-rg-project"
          ]
        }
      ]
    },
    {
      "mode": "managed",
      "type": "azurerm_lb_backend_address_pool",
      "name": "user15-bpepool1",
      "provider": "provider[\"registry.terraform.io/hashicorp/azurerm\"]",
      "instances": [
        {
          "schema_version": 0,
          "attributes": {
            "backend_ip_configurations": [],
            "id": "/subscriptions/1c2a5318-fcca-42b7-a64e-18882c6ddbe9/resourceGroups/user15-rg-project/providers/Microsoft.Network/loadBalancers/user15-lb1/backendAddressPools/user15-BackEndAddressPool1",
            "load_balancing_rules": [
              "/subscriptions/1c2a5318-fcca-42b7-a64e-18882c6ddbe9/resourceGroups/user15-rg-project/providers/Microsoft.Network/loadBalancers/user15-lb1/loadBalancingRules/http"
            ],
            "loadbalancer_id": "/subscriptions/1c2a5318-fcca-42b7-a64e-18882c6ddbe9/resourceGroups/user15-rg-project/providers/Microsoft.Network/loadBalancers/user15-lb1",
            "name": "user15-BackEndAddressPool1",
            "resource_group_name": "user15-rg-project",
            "timeouts": null
          },
          "sensitive_attributes": [],
          "private": "eyJlMmJmYjczMC1lY2FhLTExZTYtOGY4OC0zNDM2M2JjN2M0YzAiOnsiY3JlYXRlIjoxODAwMDAwMDAwMDAwLCJkZWxldGUiOjE4MDAwMDAwMDAwMDAsInJlYWQiOjMwMDAwMDAwMDAwMCwidXBkYXRlIjoxODAwMDAwMDAwMDAwfX0=",
          "dependencies": [
            "azurerm_lb.user15-lb1",
            "azurerm_public_ip.user15-publicip1",
            "azurerm_resource_group.user15-rg-project"
          ]
        }
      ]
    },
    {
      "mode": "managed",
      "type": "azurerm_lb_backend_address_pool",
      "name": "user15-bpepool2",
      "provider": "provider[\"registry.terraform.io/hashicorp/azurerm\"]",
      "instances": [
        {
          "schema_version": 0,
          "attributes": {
            "backend_ip_configurations": [],
            "id": "/subscriptions/1c2a5318-fcca-42b7-a64e-18882c6ddbe9/resourceGroups/user15-rg-project/providers/Microsoft.Network/loadBalancers/user15-lb2/backendAddressPools/user15-BackEndAddressPool2",
            "load_balancing_rules": [
              "/subscriptions/1c2a5318-fcca-42b7-a64e-18882c6ddbe9/resourceGroups/user15-rg-project/providers/Microsoft.Network/loadBalancers/user15-lb2/loadBalancingRules/http"
            ],
            "loadbalancer_id": "/subscriptions/1c2a5318-fcca-42b7-a64e-18882c6ddbe9/resourceGroups/user15-rg-project/providers/Microsoft.Network/loadBalancers/user15-lb2",
            "name": "user15-BackEndAddressPool2",
            "resource_group_name": "user15-rg-project",
            "timeouts": null
          },
          "sensitive_attributes": [],
          "private": "eyJlMmJmYjczMC1lY2FhLTExZTYtOGY4OC0zNDM2M2JjN2M0YzAiOnsiY3JlYXRlIjoxODAwMDAwMDAwMDAwLCJkZWxldGUiOjE4MDAwMDAwMDAwMDAsInJlYWQiOjMwMDAwMDAwMDAwMCwidXBkYXRlIjoxODAwMDAwMDAwMDAwfX0=",
          "dependencies": [
            "azurerm_lb.user15-lb2",
            "azurerm_public_ip.user15-publicip2",
            "azurerm_resource_group.user15-rg-project"
          ]
        }
      ]
    },
    {
      "mode": "managed",
      "type": "azurerm_lb_nat_pool",
      "name": "lbnatpool1",
      "provider": "provider[\"registry.terraform.io/hashicorp/azurerm\"]",
      "instances": [
        {
          "schema_version": 0,
          "attributes": {
            "backend_port": 22,
            "frontend_ip_configuration_id": "/subscriptions/1c2a5318-fcca-42b7-a64e-18882c6ddbe9/resourceGroups/user15-rg-project/providers/Microsoft.Network/loadBalancers/user15-lb1/frontendIPConfigurations/user15PublicIP1Address",
            "frontend_ip_configuration_name": "user15PublicIP1Address",
            "frontend_port_end": 50119,
            "frontend_port_start": 50000,
            "id": "/subscriptions/1c2a5318-fcca-42b7-a64e-18882c6ddbe9/resourceGroups/user15-rg-project/providers/Microsoft.Network/loadBalancers/user15-lb1/inboundNatPools/ssh",
            "loadbalancer_id": "/subscriptions/1c2a5318-fcca-42b7-a64e-18882c6ddbe9/resourceGroups/user15-rg-project/providers/Microsoft.Network/loadBalancers/user15-lb1",
            "name": "ssh",
            "protocol": "Tcp",
            "resource_group_name": "user15-rg-project",
            "timeouts": null
          },
          "sensitive_attributes": [],
          "private": "eyJlMmJmYjczMC1lY2FhLTExZTYtOGY4OC0zNDM2M2JjN2M0YzAiOnsiY3JlYXRlIjoxODAwMDAwMDAwMDAwLCJkZWxldGUiOjE4MDAwMDAwMDAwMDAsInJlYWQiOjMwMDAwMDAwMDAwMCwidXBkYXRlIjoxODAwMDAwMDAwMDAwfX0=",
          "dependencies": [
            "azurerm_lb.user15-lb1",
            "azurerm_public_ip.user15-publicip1",
            "azurerm_resource_group.user15-rg-project"
          ]
        }
      ]
    },
    {
      "mode": "managed",
      "type": "azurerm_lb_nat_pool",
      "name": "lbnatpool2",
      "provider": "provider[\"registry.terraform.io/hashicorp/azurerm\"]",
      "instances": [
        {
          "schema_version": 0,
          "attributes": {
            "backend_port": 22,
            "frontend_ip_configuration_id": "/subscriptions/1c2a5318-fcca-42b7-a64e-18882c6ddbe9/resourceGroups/user15-rg-project/providers/Microsoft.Network/loadBalancers/user15-lb2/frontendIPConfigurations/user15PublicIP2Address",
            "frontend_ip_configuration_name": "user15PublicIP2Address",
            "frontend_port_end": 50119,
            "frontend_port_start": 50000,
            "id": "/subscriptions/1c2a5318-fcca-42b7-a64e-18882c6ddbe9/resourceGroups/user15-rg-project/providers/Microsoft.Network/loadBalancers/user15-lb2/inboundNatPools/ssh",
            "loadbalancer_id": "/subscriptions/1c2a5318-fcca-42b7-a64e-18882c6ddbe9/resourceGroups/user15-rg-project/providers/Microsoft.Network/loadBalancers/user15-lb2",
            "name": "ssh",
            "protocol": "Tcp",
            "resource_group_name": "user15-rg-project",
            "timeouts": null
          },
          "sensitive_attributes": [],
          "private": "eyJlMmJmYjczMC1lY2FhLTExZTYtOGY4OC0zNDM2M2JjN2M0YzAiOnsiY3JlYXRlIjoxODAwMDAwMDAwMDAwLCJkZWxldGUiOjE4MDAwMDAwMDAwMDAsInJlYWQiOjMwMDAwMDAwMDAwMCwidXBkYXRlIjoxODAwMDAwMDAwMDAwfX0=",
          "dependencies": [
            "azurerm_lb.user15-lb2",
            "azurerm_public_ip.user15-publicip2",
            "azurerm_resource_group.user15-rg-project"
          ]
        }
      ]
    },
    {
      "mode": "managed",
      "type": "azurerm_lb_probe",
      "name": "user15-lb-probe1",
      "provider": "provider[\"registry.terraform.io/hashicorp/azurerm\"]",
      "instances": [
        {
          "schema_version": 0,
          "attributes": {
            "id": "/subscriptions/1c2a5318-fcca-42b7-a64e-18882c6ddbe9/resourceGroups/user15-rg-project/providers/Microsoft.Network/loadBalancers/user15-lb1/probes/http-probe",
            "interval_in_seconds": 15,
            "load_balancer_rules": [
              "/subscriptions/1c2a5318-fcca-42b7-a64e-18882c6ddbe9/resourceGroups/user15-rg-project/providers/Microsoft.Network/loadBalancers/user15-lb1/loadBalancingRules/http"
            ],
            "loadbalancer_id": "/subscriptions/1c2a5318-fcca-42b7-a64e-18882c6ddbe9/resourceGroups/user15-rg-project/providers/Microsoft.Network/loadBalancers/user15-lb1",
            "name": "http-probe",
            "number_of_probes": 2,
            "port": 80,
            "protocol": "Http",
            "request_path": "/",
            "resource_group_name": "user15-rg-project",
            "timeouts": null
          },
          "sensitive_attributes": [],
          "private": "eyJlMmJmYjczMC1lY2FhLTExZTYtOGY4OC0zNDM2M2JjN2M0YzAiOnsiY3JlYXRlIjoxODAwMDAwMDAwMDAwLCJkZWxldGUiOjE4MDAwMDAwMDAwMDAsInJlYWQiOjMwMDAwMDAwMDAwMCwidXBkYXRlIjoxODAwMDAwMDAwMDAwfX0=",
          "dependencies": [
            "azurerm_lb.user15-lb1",
            "azurerm_public_ip.user15-publicip1",
            "azurerm_resource_group.user15-rg-project"
          ]
        }
      ]
    },
    {
      "mode": "managed",
      "type": "azurerm_lb_probe",
      "name": "user15-lb-probe2",
      "provider": "provider[\"registry.terraform.io/hashicorp/azurerm\"]",
      "instances": [
        {
          "schema_version": 0,
          "attributes": {
            "id": "/subscriptions/1c2a5318-fcca-42b7-a64e-18882c6ddbe9/resourceGroups/user15-rg-project/providers/Microsoft.Network/loadBalancers/user15-lb2/probes/http-probe",
            "interval_in_seconds": 15,
            "load_balancer_rules": [
              "/subscriptions/1c2a5318-fcca-42b7-a64e-18882c6ddbe9/resourceGroups/user15-rg-project/providers/Microsoft.Network/loadBalancers/user15-lb2/loadBalancingRules/http"
            ],
            "loadbalancer_id": "/subscriptions/1c2a5318-fcca-42b7-a64e-18882c6ddbe9/resourceGroups/user15-rg-project/providers/Microsoft.Network/loadBalancers/user15-lb2",
            "name": "http-probe",
            "number_of_probes": 2,
            "port": 80,
            "protocol": "Http",
            "request_path": "/",
            "resource_group_name": "user15-rg-project",
            "timeouts": null
          },
          "sensitive_attributes": [],
          "private": "eyJlMmJmYjczMC1lY2FhLTExZTYtOGY4OC0zNDM2M2JjN2M0YzAiOnsiY3JlYXRlIjoxODAwMDAwMDAwMDAwLCJkZWxldGUiOjE4MDAwMDAwMDAwMDAsInJlYWQiOjMwMDAwMDAwMDAwMCwidXBkYXRlIjoxODAwMDAwMDAwMDAwfX0=",
          "dependencies": [
            "azurerm_lb.user15-lb2",
            "azurerm_public_ip.user15-publicip2",
            "azurerm_resource_group.user15-rg-project"
          ]
        }
      ]
    },
    {
      "mode": "managed",
      "type": "azurerm_lb_rule",
      "name": "lbnatrule1",
      "provider": "provider[\"registry.terraform.io/hashicorp/azurerm\"]",
      "instances": [
        {
          "schema_version": 0,
          "attributes": {
            "backend_address_pool_id": "/subscriptions/1c2a5318-fcca-42b7-a64e-18882c6ddbe9/resourceGroups/user15-rg-project/providers/Microsoft.Network/loadBalancers/user15-lb1/backendAddressPools/user15-BackEndAddressPool1",
            "backend_port": 80,
            "disable_outbound_snat": false,
            "enable_floating_ip": false,
            "enable_tcp_reset": false,
            "frontend_ip_configuration_id": "/subscriptions/1c2a5318-fcca-42b7-a64e-18882c6ddbe9/resourceGroups/user15-rg-project/providers/Microsoft.Network/loadBalancers/user15-lb1/frontendIPConfigurations/user15PublicIP1Address",
            "frontend_ip_configuration_name": "user15PublicIP1Address",
            "frontend_port": 80,
            "id": "/subscriptions/1c2a5318-fcca-42b7-a64e-18882c6ddbe9/resourceGroups/user15-rg-project/providers/Microsoft.Network/loadBalancers/user15-lb1/loadBalancingRules/http",
            "idle_timeout_in_minutes": 4,
            "load_distribution": "Default",
            "loadbalancer_id": "/subscriptions/1c2a5318-fcca-42b7-a64e-18882c6ddbe9/resourceGroups/user15-rg-project/providers/Microsoft.Network/loadBalancers/user15-lb1",
            "name": "http",
            "probe_id": "/subscriptions/1c2a5318-fcca-42b7-a64e-18882c6ddbe9/resourceGroups/user15-rg-project/providers/Microsoft.Network/loadBalancers/user15-lb1/probes/http-probe",
            "protocol": "Tcp",
            "resource_group_name": "user15-rg-project",
            "timeouts": null
          },
          "sensitive_attributes": [],
          "private": "eyJlMmJmYjczMC1lY2FhLTExZTYtOGY4OC0zNDM2M2JjN2M0YzAiOnsiY3JlYXRlIjoxODAwMDAwMDAwMDAwLCJkZWxldGUiOjE4MDAwMDAwMDAwMDAsInJlYWQiOjMwMDAwMDAwMDAwMCwidXBkYXRlIjoxODAwMDAwMDAwMDAwfX0=",
          "dependencies": [
            "azurerm_lb.user15-lb1",
            "azurerm_lb_backend_address_pool.user15-bpepool1",
            "azurerm_lb_probe.user15-lb-probe1",
            "azurerm_public_ip.user15-publicip1",
            "azurerm_resource_group.user15-rg-project"
          ]
        }
      ]
    },
    {
      "mode": "managed",
      "type": "azurerm_lb_rule",
      "name": "lbnatrule2",
      "provider": "provider[\"registry.terraform.io/hashicorp/azurerm\"]",
      "instances": [
        {
          "schema_version": 0,
          "attributes": {
            "backend_address_pool_id": "/subscriptions/1c2a5318-fcca-42b7-a64e-18882c6ddbe9/resourceGroups/user15-rg-project/providers/Microsoft.Network/loadBalancers/user15-lb2/backendAddressPools/user15-BackEndAddressPool2",
            "backend_port": 80,
            "disable_outbound_snat": false,
            "enable_floating_ip": false,
            "enable_tcp_reset": false,
            "frontend_ip_configuration_id": "/subscriptions/1c2a5318-fcca-42b7-a64e-18882c6ddbe9/resourceGroups/user15-rg-project/providers/Microsoft.Network/loadBalancers/user15-lb2/frontendIPConfigurations/user15PublicIP2Address",
            "frontend_ip_configuration_name": "user15PublicIP2Address",
            "frontend_port": 80,
            "id": "/subscriptions/1c2a5318-fcca-42b7-a64e-18882c6ddbe9/resourceGroups/user15-rg-project/providers/Microsoft.Network/loadBalancers/user15-lb2/loadBalancingRules/http",
            "idle_timeout_in_minutes": 4,
            "load_distribution": "Default",
            "loadbalancer_id": "/subscriptions/1c2a5318-fcca-42b7-a64e-18882c6ddbe9/resourceGroups/user15-rg-project/providers/Microsoft.Network/loadBalancers/user15-lb2",
            "name": "http",
            "probe_id": "/subscriptions/1c2a5318-fcca-42b7-a64e-18882c6ddbe9/resourceGroups/user15-rg-project/providers/Microsoft.Network/loadBalancers/user15-lb2/probes/http-probe",
            "protocol": "Tcp",
            "resource_group_name": "user15-rg-project",
            "timeouts": null
          },
          "sensitive_attributes": [],
          "private": "eyJlMmJmYjczMC1lY2FhLTExZTYtOGY4OC0zNDM2M2JjN2M0YzAiOnsiY3JlYXRlIjoxODAwMDAwMDAwMDAwLCJkZWxldGUiOjE4MDAwMDAwMDAwMDAsInJlYWQiOjMwMDAwMDAwMDAwMCwidXBkYXRlIjoxODAwMDAwMDAwMDAwfX0=",
          "dependencies": [
            "azurerm_lb.user15-lb2",
            "azurerm_lb_backend_address_pool.user15-bpepool2",
            "azurerm_lb_probe.user15-lb-probe2",
            "azurerm_public_ip.user15-publicip2",
            "azurerm_resource_group.user15-rg-project"
          ]
        }
      ]
    },
    {
      "mode": "managed",
      "type": "azurerm_network_security_group",
      "name": "user15nsg",
      "provider": "provider[\"registry.terraform.io/hashicorp/azurerm\"]",
      "instances": [
        {
          "schema_version": 0,
          "attributes": {
            "id": "/subscriptions/1c2a5318-fcca-42b7-a64e-18882c6ddbe9/resourceGroups/user15-rg-project/providers/Microsoft.Network/networkSecurityGroups/user15nsg",
            "location": "koreacentral",
            "name": "user15nsg",
            "resource_group_name": "user15-rg-project",
            "security_rule": [
              {
                "access": "Allow",
                "description": "",
                "destination_address_prefix": "*",
                "destination_address_prefixes": [],
                "destination_application_security_group_ids": [],
                "destination_port_range": "22",
                "destination_port_ranges": [],
                "direction": "Inbound",
                "name": "SSH",
                "priority": 1001,
                "protocol": "Tcp",
                "source_address_prefix": "1.246.154.143",
                "source_address_prefixes": [],
                "source_application_security_group_ids": [],
                "source_port_range": "*",
                "source_port_ranges": []
              },
              {
                "access": "Allow",
                "description": null,
                "destination_address_prefix": "*",
                "destination_address_prefixes": [],
                "destination_application_security_group_ids": [],
                "destination_port_range": "80",
                "destination_port_ranges": [],
                "direction": "Inbound",
                "name": "HTTP",
                "priority": 2001,
                "protocol": "Tcp",
                "source_address_prefix": "*",
                "source_address_prefixes": [],
                "source_application_security_group_ids": [],
                "source_port_range": "*",
                "source_port_ranges": []
              }
            ],
            "tags": {
              "environment": "Terraform Demo"
            },
            "timeouts": null
          },
          "sensitive_attributes": [],
          "private": "eyJlMmJmYjczMC1lY2FhLTExZTYtOGY4OC0zNDM2M2JjN2M0YzAiOnsiY3JlYXRlIjoxODAwMDAwMDAwMDAwLCJkZWxldGUiOjE4MDAwMDAwMDAwMDAsInJlYWQiOjMwMDAwMDAwMDAwMCwidXBkYXRlIjoxODAwMDAwMDAwMDAwfX0=",
          "dependencies": [
            "azurerm_resource_group.user15-rg-project"
          ]
        }
      ]
    },
    {
      "mode": "managed",
      "type": "azurerm_public_ip",
      "name": "user15-publicip1",
      "provider": "provider[\"registry.terraform.io/hashicorp/azurerm\"]",
      "instances": [
        {
          "schema_version": 0,
          "attributes": {
            "allocation_method": "Static",
            "domain_name_label": "user15-publicip1",
            "fqdn": "user15-publicip1.koreacentral.cloudapp.azure.com",
            "id": "/subscriptions/1c2a5318-fcca-42b7-a64e-18882c6ddbe9/resourceGroups/user15-rg-project/providers/Microsoft.Network/publicIPAddresses/user15-publicip1",
            "idle_timeout_in_minutes": 4,
            "ip_address": "52.141.56.83",
            "ip_version": "IPv4",
            "location": "koreacentral",
            "name": "user15-publicip1",
            "public_ip_prefix_id": null,
            "resource_group_name": "user15-rg-project",
            "reverse_fqdn": "",
            "sku": "Basic",
            "tags": {
              "environment": "staging"
            },
            "timeouts": null,
            "zones": []
          },
          "sensitive_attributes": [],
          "private": "eyJlMmJmYjczMC1lY2FhLTExZTYtOGY4OC0zNDM2M2JjN2M0YzAiOnsiY3JlYXRlIjoxODAwMDAwMDAwMDAwLCJkZWxldGUiOjE4MDAwMDAwMDAwMDAsInJlYWQiOjMwMDAwMDAwMDAwMCwidXBkYXRlIjoxODAwMDAwMDAwMDAwfX0=",
          "dependencies": [
            "azurerm_resource_group.user15-rg-project"
          ]
        }
      ]
    },
    {
      "mode": "managed",
      "type": "azurerm_public_ip",
      "name": "user15-publicip2",
      "provider": "provider[\"registry.terraform.io/hashicorp/azurerm\"]",
      "instances": [
        {
          "schema_version": 0,
          "attributes": {
            "allocation_method": "Static",
            "domain_name_label": "user15-publicip2",
            "fqdn": "user15-publicip2.koreacentral.cloudapp.azure.com",
            "id": "/subscriptions/1c2a5318-fcca-42b7-a64e-18882c6ddbe9/resourceGroups/user15-rg-project/providers/Microsoft.Network/publicIPAddresses/user15-publicip2",
            "idle_timeout_in_minutes": 4,
            "ip_address": "52.141.56.225",
            "ip_version": "IPv4",
            "location": "koreacentral",
            "name": "user15-publicip2",
            "public_ip_prefix_id": null,
            "resource_group_name": "user15-rg-project",
            "reverse_fqdn": "",
            "sku": "Basic",
            "tags": {
              "environment": "staging"
            },
            "timeouts": null,
            "zones": []
          },
          "sensitive_attributes": [],
          "private": "eyJlMmJmYjczMC1lY2FhLTExZTYtOGY4OC0zNDM2M2JjN2M0YzAiOnsiY3JlYXRlIjoxODAwMDAwMDAwMDAwLCJkZWxldGUiOjE4MDAwMDAwMDAwMDAsInJlYWQiOjMwMDAwMDAwMDAwMCwidXBkYXRlIjoxODAwMDAwMDAwMDAwfX0=",
          "dependencies": [
            "azurerm_resource_group.user15-rg-project"
          ]
        }
      ]
    },
    {
      "mode": "managed",
      "type": "azurerm_resource_group",
      "name": "user15-rg-project",
      "provider": "provider[\"registry.terraform.io/hashicorp/azurerm\"]",
      "instances": [
        {
          "schema_version": 0,
          "attributes": {
            "id": "/subscriptions/1c2a5318-fcca-42b7-a64e-18882c6ddbe9/resourceGroups/user15-rg-project",
            "location": "koreacentral",
            "name": "user15-rg-project",
            "tags": {
              "environment": "Terraform Demo, Mid project"
            },
            "timeouts": null
          },
          "sensitive_attributes": [],
          "private": "eyJlMmJmYjczMC1lY2FhLTExZTYtOGY4OC0zNDM2M2JjN2M0YzAiOnsiY3JlYXRlIjo1NDAwMDAwMDAwMDAwLCJkZWxldGUiOjU0MDAwMDAwMDAwMDAsInJlYWQiOjMwMDAwMDAwMDAwMCwidXBkYXRlIjo1NDAwMDAwMDAwMDAwfX0="
        }
      ]
    },
    {
      "mode": "managed",
      "type": "azurerm_subnet",
      "name": "user15-subnet1",
      "provider": "provider[\"registry.terraform.io/hashicorp/azurerm\"]",
      "instances": [
        {
          "schema_version": 0,
          "attributes": {
            "address_prefix": "15.0.1.0/24",
            "address_prefixes": [
              "15.0.1.0/24"
            ],
            "delegation": [],
            "enforce_private_link_endpoint_network_policies": false,
            "enforce_private_link_service_network_policies": false,
            "id": "/subscriptions/1c2a5318-fcca-42b7-a64e-18882c6ddbe9/resourceGroups/user15-rg-project/providers/Microsoft.Network/virtualNetworks/user15-vnet1/subnets/user15-subnet1",
            "name": "user15-subnet1",
            "resource_group_name": "user15-rg-project",
            "service_endpoint_policy_ids": [],
            "service_endpoints": [],
            "timeouts": null,
            "virtual_network_name": "user15-vnet1"
          },
          "sensitive_attributes": [],
          "private": "eyJlMmJmYjczMC1lY2FhLTExZTYtOGY4OC0zNDM2M2JjN2M0YzAiOnsiY3JlYXRlIjoxODAwMDAwMDAwMDAwLCJkZWxldGUiOjE4MDAwMDAwMDAwMDAsInJlYWQiOjMwMDAwMDAwMDAwMCwidXBkYXRlIjoxODAwMDAwMDAwMDAwfX0=",
          "dependencies": [
            "azurerm_resource_group.user15-rg-project",
            "azurerm_virtual_network.user15-vnet1"
          ]
        }
      ]
    },
    {
      "mode": "managed",
      "type": "azurerm_subnet",
      "name": "user15-subnet2",
      "provider": "provider[\"registry.terraform.io/hashicorp/azurerm\"]",
      "instances": [
        {
          "schema_version": 0,
          "attributes": {
            "address_prefix": "115.0.1.0/24",
            "address_prefixes": [
              "115.0.1.0/24"
            ],
            "delegation": [],
            "enforce_private_link_endpoint_network_policies": false,
            "enforce_private_link_service_network_policies": false,
            "id": "/subscriptions/1c2a5318-fcca-42b7-a64e-18882c6ddbe9/resourceGroups/user15-rg-project/providers/Microsoft.Network/virtualNetworks/user15-vnet2/subnets/user15-subnet2",
            "name": "user15-subnet2",
            "resource_group_name": "user15-rg-project",
            "service_endpoint_policy_ids": [],
            "service_endpoints": [],
            "timeouts": null,
            "virtual_network_name": "user15-vnet2"
          },
          "sensitive_attributes": [],
          "private": "eyJlMmJmYjczMC1lY2FhLTExZTYtOGY4OC0zNDM2M2JjN2M0YzAiOnsiY3JlYXRlIjoxODAwMDAwMDAwMDAwLCJkZWxldGUiOjE4MDAwMDAwMDAwMDAsInJlYWQiOjMwMDAwMDAwMDAwMCwidXBkYXRlIjoxODAwMDAwMDAwMDAwfX0=",
          "dependencies": [
            "azurerm_resource_group.user15-rg-project",
            "azurerm_virtual_network.user15-vnet2"
          ]
        }
      ]
    },
    {
      "mode": "managed",
      "type": "azurerm_virtual_machine_scale_set",
      "name": "user15vmss1",
      "provider": "provider[\"registry.terraform.io/hashicorp/azurerm\"]",
      "instances": [
        {
          "schema_version": 1,
          "attributes": {
            "automatic_os_upgrade": false,
            "boot_diagnostics": [],
            "eviction_policy": "",
            "extension": [],
            "health_probe_id": null,
            "id": "/subscriptions/1c2a5318-fcca-42b7-a64e-18882c6ddbe9/resourceGroups/user15-rg-project/providers/Microsoft.Compute/virtualMachineScaleSets/user15vmss1",
            "identity": [],
            "license_type": "",
            "location": "koreacentral",
            "name": "user15vmss1",
            "network_profile": [
              {
                "accelerated_networking": null,
                "dns_settings": [],
                "ip_configuration": [
                  {
                    "application_gateway_backend_address_pool_ids": [],
                    "application_security_group_ids": [],
                    "load_balancer_backend_address_pool_ids": [
                      "/subscriptions/1c2a5318-fcca-42b7-a64e-18882c6ddbe9/resourceGroups/user15-rg-project/providers/Microsoft.Network/loadBalancers/user15-lb1/backendAddressPools/user15-BackEndAddressPool1"
                    ],
                    "load_balancer_inbound_nat_rules_ids": [
                      "/subscriptions/1c2a5318-fcca-42b7-a64e-18882c6ddbe9/resourceGroups/user15-rg-project/providers/Microsoft.Network/loadBalancers/user15-lb1/inboundNatPools/ssh"
                    ],
                    "name": "TestIPConfiguration1",
                    "primary": true,
                    "public_ip_address_configuration": [],
                    "subnet_id": "/subscriptions/1c2a5318-fcca-42b7-a64e-18882c6ddbe9/resourceGroups/user15-rg-project/providers/Microsoft.Network/virtualNetworks/user15-vnet1/subnets/user15-subnet1"
                  }
                ],
                "ip_forwarding": false,
                "name": "terraformnetworkprofile1",
                "network_security_group_id": "/subscriptions/1c2a5318-fcca-42b7-a64e-18882c6ddbe9/resourceGroups/user15-rg-project/providers/Microsoft.Network/networkSecurityGroups/user15nsg",
                "primary": true
              }
            ],
            "os_profile": [
              {
                "admin_password": "",
                "admin_username": "user15",
                "computer_name_prefix": "user15vm1",
                "custom_data": "IyEvYmluL2Jhc2gKCihVYnVudHUg7Zi57J2AIENlbnRPUyDtlZzqsIDsp4Drp4wg7ISg7YOdLCDrgpjrqLjsp4DripQg7KO87ISd7LKY66asKQojVWJ1bnR1IOyCrOyaqe2VmOyLnOuKlCDqsr3smrAKc3VkbyBhcHQtZ2V0IHVwZGF0ZSAteQpzdWRvIGFwdC1nZXQgaW5zdGFsbCAteSBhcGFjaGUyCgojQ2VudE9TLCBSSEVMIOyCrOyaqe2VmOyLnOuKlCDqsr3smrAKI3l1bSB1cGRhdGUgeQojeXVtIGluc3RhbGwgeSBhcGFjaGUyCgplY2hvICI8aHRtbD4iID4gL3Zhci93d3cvaHRtbC9pbmRleC5odG1sICAgIyMg66as64uk7J2066CJ7IWYIOuwmOuTnOyLnCDtlZzqsJzroZwKZWNobyAiSGVsbG8gV29ybGQgZnJvbSAkKGhvc3RuYW1lIC1mKSIgPj4gL3Zhci93d3cvaHRtbC9pbmRleC5odG1sCmVjaG8gIjxpbWcgc3JjPSJodHRwczovL3VzZXIxNWNkbi5henVyZWVkZ2UubmV0L2ltZy9henVyZS5wbmciPiIgPj4gL3Zhci93d3cvaHRtbC9pbmRleC5odG1sIAplY2hvICI8L2h0bWw+IiA+PiAvdmFyL3d3dy9odG1sL2luZGV4Lmh0bWwgCg=="
              }
            ],
            "os_profile_linux_config": [
              {
                "disable_password_authentication": true,
                "ssh_keys": [
                  {
                    "key_data": "ssh-rsa AAAAB3NzaC1yc2EAAAADAQABAAABAQDkASza5iEBV1MXjHIyChv3CdVddRogz+oLY4PUG4u2Q2VZfnNb/f7Ma05GVp2K1rXfhJ1QaCx9bLsjZnF0G8SIzVtvJHUhKcU76hlC96nE6Rjh5Mc4rPWuGYsUBab8qDwQj5O+LlzV08gjJ2pjGV0QcJErrmVJGcjZpoa0zx1wkA8ShdMlvGLeSe48GQZAD8tltWgz3/mOJ5DijR5rEekE2CdOi4ab5wQQvSgdp9U0HJvGSTVKZ+7CyhCg8qFojCYhPJVNMFUvVWyUTVkrhK1Cu5zyNVatPucV5uhxsqYjrpfhiBYqYrQmGRXV64gBlKY9WciSpLbPT1/LqxOh85qL user15@user15-admin\n",
                    "path": "/home/user15/.ssh/authorized_keys"
                  }
                ]
              }
            ],
            "os_profile_secrets": [],
            "os_profile_windows_config": [],
            "overprovision": true,
            "plan": [],
            "priority": "",
            "proximity_placement_group_id": null,
            "resource_group_name": "user15-rg-project",
            "rolling_upgrade_policy": [],
            "single_placement_group": true,
            "sku": [
              {
                "capacity": 2,
                "name": "Standard_D2_v3",
                "tier": "Standard"
              }
            ],
            "storage_profile_data_disk": [
              {
                "caching": "ReadWrite",
                "create_option": "Empty",
                "disk_size_gb": 10,
                "lun": 0,
                "managed_disk_type": "Standard_LRS"
              }
            ],
            "storage_profile_image_reference": [
              {
                "id": "",
                "offer": "UbuntuServer",
                "publisher": "Canonical",
                "sku": "18.04-LTS",
                "version": "latest"
              }
            ],
            "storage_profile_os_disk": [
              {
                "caching": "ReadWrite",
                "create_option": "FromImage",
                "image": "",
                "managed_disk_type": "Standard_LRS",
                "name": "",
                "os_type": "",
                "vhd_containers": []
              }
            ],
            "tags": {
              "environment": "staging"
            },
            "timeouts": null,
            "upgrade_policy_mode": "Manual",
            "zones": null
          },
          "sensitive_attributes": [],
          "private": "eyJlMmJmYjczMC1lY2FhLTExZTYtOGY4OC0zNDM2M2JjN2M0YzAiOnsiY3JlYXRlIjozNjAwMDAwMDAwMDAwLCJkZWxldGUiOjM2MDAwMDAwMDAwMDAsInJlYWQiOjMwMDAwMDAwMDAwMCwidXBkYXRlIjozNjAwMDAwMDAwMDAwfSwic2NoZW1hX3ZlcnNpb24iOiIxIn0=",
          "dependencies": [
            "azurerm_lb_backend_address_pool.user15-bpepool1",
            "azurerm_lb_nat_pool.lbnatpool1",
            "azurerm_network_security_group.user15nsg",
            "azurerm_resource_group.user15-rg-project",
            "azurerm_subnet.user15-subnet1"
          ]
        }
      ]
    },
    {
      "mode": "managed",
      "type": "azurerm_virtual_machine_scale_set",
      "name": "user15vmss2",
      "provider": "provider[\"registry.terraform.io/hashicorp/azurerm\"]",
      "instances": [
        {
          "schema_version": 1,
          "attributes": {
            "automatic_os_upgrade": false,
            "boot_diagnostics": [],
            "eviction_policy": "",
            "extension": [],
            "health_probe_id": null,
            "id": "/subscriptions/1c2a5318-fcca-42b7-a64e-18882c6ddbe9/resourceGroups/user15-rg-project/providers/Microsoft.Compute/virtualMachineScaleSets/user15vmss2",
            "identity": [],
            "license_type": "",
            "location": "koreacentral",
            "name": "user15vmss2",
            "network_profile": [
              {
                "accelerated_networking": null,
                "dns_settings": [],
                "ip_configuration": [
                  {
                    "application_gateway_backend_address_pool_ids": [],
                    "application_security_group_ids": [],
                    "load_balancer_backend_address_pool_ids": [
                      "/subscriptions/1c2a5318-fcca-42b7-a64e-18882c6ddbe9/resourceGroups/user15-rg-project/providers/Microsoft.Network/loadBalancers/user15-lb2/backendAddressPools/user15-BackEndAddressPool2"
                    ],
                    "load_balancer_inbound_nat_rules_ids": [
                      "/subscriptions/1c2a5318-fcca-42b7-a64e-18882c6ddbe9/resourceGroups/user15-rg-project/providers/Microsoft.Network/loadBalancers/user15-lb2/inboundNatPools/ssh"
                    ],
                    "name": "TestIPConfiguration2",
                    "primary": true,
                    "public_ip_address_configuration": [],
                    "subnet_id": "/subscriptions/1c2a5318-fcca-42b7-a64e-18882c6ddbe9/resourceGroups/user15-rg-project/providers/Microsoft.Network/virtualNetworks/user15-vnet2/subnets/user15-subnet2"
                  }
                ],
                "ip_forwarding": false,
                "name": "terraformnetworkprofile2",
                "network_security_group_id": "/subscriptions/1c2a5318-fcca-42b7-a64e-18882c6ddbe9/resourceGroups/user15-rg-project/providers/Microsoft.Network/networkSecurityGroups/user15nsg",
                "primary": true
              }
            ],
            "os_profile": [
              {
                "admin_password": "",
                "admin_username": "user15",
                "computer_name_prefix": "user15vm2",
                "custom_data": "IyEvYmluL2Jhc2gKCihVYnVudHUg7Zi57J2AIENlbnRPUyDtlZzqsIDsp4Drp4wg7ISg7YOdLCDrgpjrqLjsp4DripQg7KO87ISd7LKY66asKQojVWJ1bnR1IOyCrOyaqe2VmOyLnOuKlCDqsr3smrAKc3VkbyBhcHQtZ2V0IHVwZGF0ZSAteQpzdWRvIGFwdC1nZXQgaW5zdGFsbCAteSBhcGFjaGUyCgojQ2VudE9TLCBSSEVMIOyCrOyaqe2VmOyLnOuKlCDqsr3smrAKI3l1bSB1cGRhdGUgeQojeXVtIGluc3RhbGwgeSBhcGFjaGUyCgplY2hvICI8aHRtbD4iID4gL3Zhci93d3cvaHRtbC9pbmRleC5odG1sICAgIyMg66as64uk7J2066CJ7IWYIOuwmOuTnOyLnCDtlZzqsJzroZwKZWNobyAiSGVsbG8gV29ybGQgZnJvbSAkKGhvc3RuYW1lIC1mKSIgPj4gL3Zhci93d3cvaHRtbC9pbmRleC5odG1sCmVjaG8gIjxpbWcgc3JjPSJodHRwczovL3VzZXIxNWNkbi5henVyZWVkZ2UubmV0L2ltZy9henVyZS5wbmciPiIgPj4gL3Zhci93d3cvaHRtbC9pbmRleC5odG1sIAplY2hvICI8L2h0bWw+IiA+PiAvdmFyL3d3dy9odG1sL2luZGV4Lmh0bWwgCg=="
              }
            ],
            "os_profile_linux_config": [
              {
                "disable_password_authentication": true,
                "ssh_keys": [
                  {
                    "key_data": "ssh-rsa AAAAB3NzaC1yc2EAAAADAQABAAABAQDkASza5iEBV1MXjHIyChv3CdVddRogz+oLY4PUG4u2Q2VZfnNb/f7Ma05GVp2K1rXfhJ1QaCx9bLsjZnF0G8SIzVtvJHUhKcU76hlC96nE6Rjh5Mc4rPWuGYsUBab8qDwQj5O+LlzV08gjJ2pjGV0QcJErrmVJGcjZpoa0zx1wkA8ShdMlvGLeSe48GQZAD8tltWgz3/mOJ5DijR5rEekE2CdOi4ab5wQQvSgdp9U0HJvGSTVKZ+7CyhCg8qFojCYhPJVNMFUvVWyUTVkrhK1Cu5zyNVatPucV5uhxsqYjrpfhiBYqYrQmGRXV64gBlKY9WciSpLbPT1/LqxOh85qL user15@user15-admin\n",
                    "path": "/home/user15/.ssh/authorized_keys"
                  }
                ]
              }
            ],
            "os_profile_secrets": [],
            "os_profile_windows_config": [],
            "overprovision": true,
            "plan": [],
            "priority": "",
            "proximity_placement_group_id": null,
            "resource_group_name": "user15-rg-project",
            "rolling_upgrade_policy": [],
            "single_placement_group": true,
            "sku": [
              {
                "capacity": 2,
                "name": "Standard_D2_v3",
                "tier": "Standard"
              }
            ],
            "storage_profile_data_disk": [
              {
                "caching": "ReadWrite",
                "create_option": "Empty",
                "disk_size_gb": 10,
                "lun": 0,
                "managed_disk_type": "Standard_LRS"
              }
            ],
            "storage_profile_image_reference": [
              {
                "id": "",
                "offer": "UbuntuServer",
                "publisher": "Canonical",
                "sku": "18.04-LTS",
                "version": "latest"
              }
            ],
            "storage_profile_os_disk": [
              {
                "caching": "ReadWrite",
                "create_option": "FromImage",
                "image": "",
                "managed_disk_type": "Standard_LRS",
                "name": "",
                "os_type": "",
                "vhd_containers": []
              }
            ],
            "tags": {
              "environment": "staging"
            },
            "timeouts": null,
            "upgrade_policy_mode": "Manual",
            "zones": null
          },
          "sensitive_attributes": [],
          "private": "eyJlMmJmYjczMC1lY2FhLTExZTYtOGY4OC0zNDM2M2JjN2M0YzAiOnsiY3JlYXRlIjozNjAwMDAwMDAwMDAwLCJkZWxldGUiOjM2MDAwMDAwMDAwMDAsInJlYWQiOjMwMDAwMDAwMDAwMCwidXBkYXRlIjozNjAwMDAwMDAwMDAwfSwic2NoZW1hX3ZlcnNpb24iOiIxIn0=",
          "dependencies": [
            "azurerm_lb_backend_address_pool.user15-bpepool2",
            "azurerm_lb_nat_pool.lbnatpool2",
            "azurerm_network_security_group.user15nsg",
            "azurerm_resource_group.user15-rg-project",
            "azurerm_subnet.user15-subnet2"
          ]
        }
      ]
    },
    {
      "mode": "managed",
      "type": "azurerm_virtual_network",
      "name": "user15-vnet1",
      "provider": "provider[\"registry.terraform.io/hashicorp/azurerm\"]",
      "instances": [
        {
          "schema_version": 0,
          "attributes": {
            "address_space": [
              "15.0.0.0/16"
            ],
            "bgp_community": "",
            "ddos_protection_plan": [],
            "dns_servers": [],
            "guid": "fe21e15a-18b2-4cd5-9a8f-1a3fa4d3183d",
            "id": "/subscriptions/1c2a5318-fcca-42b7-a64e-18882c6ddbe9/resourceGroups/user15-rg-project/providers/Microsoft.Network/virtualNetworks/user15-vnet1",
            "location": "koreacentral",
            "name": "user15-vnet1",
            "resource_group_name": "user15-rg-project",
            "subnet": [
              {
                "address_prefix": "15.0.1.0/24",
                "id": "/subscriptions/1c2a5318-fcca-42b7-a64e-18882c6ddbe9/resourceGroups/user15-rg-project/providers/Microsoft.Network/virtualNetworks/user15-vnet1/subnets/user15-subnet1",
                "name": "user15-subnet1",
                "security_group": ""
              }
            ],
            "tags": {},
            "timeouts": null,
            "vm_protection_enabled": false
          },
          "sensitive_attributes": [],
          "private": "eyJlMmJmYjczMC1lY2FhLTExZTYtOGY4OC0zNDM2M2JjN2M0YzAiOnsiY3JlYXRlIjoxODAwMDAwMDAwMDAwLCJkZWxldGUiOjE4MDAwMDAwMDAwMDAsInJlYWQiOjMwMDAwMDAwMDAwMCwidXBkYXRlIjoxODAwMDAwMDAwMDAwfX0=",
          "dependencies": [
            "azurerm_resource_group.user15-rg-project"
          ]
        }
      ]
    },
    {
      "mode": "managed",
      "type": "azurerm_virtual_network",
      "name": "user15-vnet2",
      "provider": "provider[\"registry.terraform.io/hashicorp/azurerm\"]",
      "instances": [
        {
          "schema_version": 0,
          "attributes": {
            "address_space": [
              "115.0.0.0/16"
            ],
            "bgp_community": "",
            "ddos_protection_plan": [],
            "dns_servers": [],
            "guid": "f9ec1998-05c8-4b9d-a7c5-08716351b485",
            "id": "/subscriptions/1c2a5318-fcca-42b7-a64e-18882c6ddbe9/resourceGroups/user15-rg-project/providers/Microsoft.Network/virtualNetworks/user15-vnet2",
            "location": "koreacentral",
            "name": "user15-vnet2",
            "resource_group_name": "user15-rg-project",
            "subnet": [
              {
                "address_prefix": "115.0.1.0/24",
                "id": "/subscriptions/1c2a5318-fcca-42b7-a64e-18882c6ddbe9/resourceGroups/user15-rg-project/providers/Microsoft.Network/virtualNetworks/user15-vnet2/subnets/user15-subnet2",
                "name": "user15-subnet2",
                "security_group": ""
              }
            ],
            "tags": {},
            "timeouts": null,
            "vm_protection_enabled": false
          },
          "sensitive_attributes": [],
          "private": "eyJlMmJmYjczMC1lY2FhLTExZTYtOGY4OC0zNDM2M2JjN2M0YzAiOnsiY3JlYXRlIjoxODAwMDAwMDAwMDAwLCJkZWxldGUiOjE4MDAwMDAwMDAwMDAsInJlYWQiOjMwMDAwMDAwMDAwMCwidXBkYXRlIjoxODAwMDAwMDAwMDAwfX0=",
          "dependencies": [
            "azurerm_resource_group.user15-rg-project"
          ]
        }
      ]
    }
  ]
}
